// !$*UTF8*$!
{
	archiveVersion = 1;
	classes = {
	};
	objectVersion = 77;
	objects = {

/* Begin PBXBuildFile section */
		FE18C8EC2E37551100798B6E /* SnapKit in Frameworks */ = {isa = PBXBuildFile; productRef = FE18C8EB2E37551100798B6E /* SnapKit */; };
		FE18C8EF2E37552B00798B6E /* RxCocoa in Frameworks */ = {isa = PBXBuildFile; productRef = FE18C8EE2E37552B00798B6E /* RxCocoa */; };
		FE18C8F12E37552B00798B6E /* RxSwift in Frameworks */ = {isa = PBXBuildFile; productRef = FE18C8F02E37552B00798B6E /* RxSwift */; };
		FE18C8F42E37554300798B6E /* Then in Frameworks */ = {isa = PBXBuildFile; productRef = FE18C8F32E37554300798B6E /* Then */; };
		FE18C8F72E37556F00798B6E /* Kingfisher in Frameworks */ = {isa = PBXBuildFile; productRef = FE18C8F62E37556F00798B6E /* Kingfisher */; };
		FE18C8FA2E37557C00798B6E /* Alamofire in Frameworks */ = {isa = PBXBuildFile; productRef = FE18C8F92E37557C00798B6E /* Alamofire */; };
		FE18C8FD2E3755AA00798B6E /* ReactorKit in Frameworks */ = {isa = PBXBuildFile; productRef = FE18C8FC2E3755AA00798B6E /* ReactorKit */; };
/* End PBXBuildFile section */

/* Begin PBXFileReference section */
		FE18C7E92E3738D200798B6E /* BookSearcherApp.app */ = {isa = PBXFileReference; explicitFileType = wrapper.application; includeInIndex = 0; path = BookSearcherApp.app; sourceTree = BUILT_PRODUCTS_DIR; };
/* End PBXFileReference section */

/* Begin PBXFileSystemSynchronizedBuildFileExceptionSet section */
		FE18C7FE2E3738D300798B6E /* Exceptions for "BookSearcherApp" folder in "BookSearcherApp" target */ = {
			isa = PBXFileSystemSynchronizedBuildFileExceptionSet;
			membershipExceptions = (
				Resources/Info.plist,
			);
			target = FE18C7E82E3738D200798B6E /* BookSearcherApp */;
		};
/* End PBXFileSystemSynchronizedBuildFileExceptionSet section */

/* Begin PBXFileSystemSynchronizedRootGroup section */
		FE18C7EB2E3738D200798B6E /* BookSearcherApp */ = {
			isa = PBXFileSystemSynchronizedRootGroup;
			exceptions = (
				FE18C7FE2E3738D300798B6E /* Exceptions for "BookSearcherApp" folder in "BookSearcherApp" target */,
			);
			path = BookSearcherApp;
			sourceTree = "<group>";
		};
/* End PBXFileSystemSynchronizedRootGroup section */

/* Begin PBXFrameworksBuildPhase section */
		FE18C7E62E3738D200798B6E /* Frameworks */ = {
			isa = PBXFrameworksBuildPhase;
			buildActionMask = 2147483647;
			files = (
				FE18C8F12E37552B00798B6E /* RxSwift in Frameworks */,
				FE18C8EF2E37552B00798B6E /* RxCocoa in Frameworks */,
				FE18C8FD2E3755AA00798B6E /* ReactorKit in Frameworks */,
				FE18C8EC2E37551100798B6E /* SnapKit in Frameworks */,
				FE18C8FA2E37557C00798B6E /* Alamofire in Frameworks */,
				FE18C8F42E37554300798B6E /* Then in Frameworks */,
				FE18C8F72E37556F00798B6E /* Kingfisher in Frameworks */,
			);
			runOnlyForDeploymentPostprocessing = 0;
		};
/* End PBXFrameworksBuildPhase section */

/* Begin PBXGroup section */
		FE18C7E02E3738D200798B6E = {
			isa = PBXGroup;
			children = (
				FE18C7EB2E3738D200798B6E /* BookSearcherApp */,
				FE18C7EA2E3738D200798B6E /* Products */,
			);
			sourceTree = "<group>";
		};
		FE18C7EA2E3738D200798B6E /* Products */ = {
			isa = PBXGroup;
			children = (
				FE18C7E92E3738D200798B6E /* BookSearcherApp.app */,
			);
			name = Products;
			sourceTree = "<group>";
		};
/* End PBXGroup section */

/* Begin PBXNativeTarget section */
		FE18C7E82E3738D200798B6E /* BookSearcherApp */ = {
			isa = PBXNativeTarget;
			buildConfigurationList = FE18C7FF2E3738D300798B6E /* Build configuration list for PBXNativeTarget "BookSearcherApp" */;
			buildPhases = (
				FE18C7E52E3738D200798B6E /* Sources */,
				FE18C7E62E3738D200798B6E /* Frameworks */,
				FE18C7E72E3738D200798B6E /* Resources */,
			);
			buildRules = (
			);
			dependencies = (
			);
			fileSystemSynchronizedGroups = (
				FE18C7EB2E3738D200798B6E /* BookSearcherApp */,
			);
			name = BookSearcherApp;
			packageProductDependencies = (
				FE18C8EB2E37551100798B6E /* SnapKit */,
				FE18C8EE2E37552B00798B6E /* RxCocoa */,
				FE18C8F02E37552B00798B6E /* RxSwift */,
				FE18C8F32E37554300798B6E /* Then */,
				FE18C8F62E37556F00798B6E /* Kingfisher */,
				FE18C8F92E37557C00798B6E /* Alamofire */,
				FE18C8FC2E3755AA00798B6E /* ReactorKit */,
			);
			productName = BookSearcherApp;
			productReference = FE18C7E92E3738D200798B6E /* BookSearcherApp.app */;
			productType = "com.apple.product-type.application";
		};
/* End PBXNativeTarget section */

/* Begin PBXProject section */
		FE18C7E12E3738D200798B6E /* Project object */ = {
			isa = PBXProject;
			attributes = {
				BuildIndependentTargetsInParallel = 1;
				LastSwiftUpdateCheck = 1640;
				LastUpgradeCheck = 1640;
				TargetAttributes = {
					FE18C7E82E3738D200798B6E = {
						CreatedOnToolsVersion = 16.4;
					};
				};
			};
			buildConfigurationList = FE18C7E42E3738D200798B6E /* Build configuration list for PBXProject "BookSearcherApp" */;
			developmentRegion = en;
			hasScannedForEncodings = 0;
			knownRegions = (
				en,
				Base,
			);
			mainGroup = FE18C7E02E3738D200798B6E;
			minimizedProjectReferenceProxies = 1;
			packageReferences = (
				FE18C8EA2E37551100798B6E /* XCRemoteSwiftPackageReference "SnapKit" */,
				FE18C8ED2E37552B00798B6E /* XCRemoteSwiftPackageReference "RxSwift" */,
				FE18C8F22E37554300798B6E /* XCRemoteSwiftPackageReference "Then" */,
				FE18C8F52E37556F00798B6E /* XCRemoteSwiftPackageReference "Kingfisher" */,
				FE18C8F82E37557C00798B6E /* XCRemoteSwiftPackageReference "Alamofire" */,
				FE18C8FB2E3755AA00798B6E /* XCRemoteSwiftPackageReference "ReactorKit" */,
			);
			preferredProjectObjectVersion = 77;
			productRefGroup = FE18C7EA2E3738D200798B6E /* Products */;
			projectDirPath = "";
			projectRoot = "";
			targets = (
				FE18C7E82E3738D200798B6E /* BookSearcherApp */,
			);
		};
/* End PBXProject section */

/* Begin PBXResourcesBuildPhase section */
		FE18C7E72E3738D200798B6E /* Resources */ = {
			isa = PBXResourcesBuildPhase;
			buildActionMask = 2147483647;
			files = (
			);
			runOnlyForDeploymentPostprocessing = 0;
		};
/* End PBXResourcesBuildPhase section */

/* Begin PBXSourcesBuildPhase section */
		FE18C7E52E3738D200798B6E /* Sources */ = {
			isa = PBXSourcesBuildPhase;
			buildActionMask = 2147483647;
			files = (
			);
			runOnlyForDeploymentPostprocessing = 0;
		};
/* End PBXSourcesBuildPhase section */

/* Begin XCBuildConfiguration section */
		FE18C8002E3738D300798B6E /* Debug */ = {
			isa = XCBuildConfiguration;
			buildSettings = {
				ASSETCATALOG_COMPILER_APPICON_NAME = AppIcon;
				ASSETCATALOG_COMPILER_GLOBAL_ACCENT_COLOR_NAME = AccentColor;
				CODE_SIGN_STYLE = Automatic;
				CURRENT_PROJECT_VERSION = 1;
				GENERATE_INFOPLIST_FILE = YES;
				INFOPLIST_FILE = BookSearcherApp/Resources/Info.plist;
				INFOPLIST_KEY_UIApplicationSupportsIndirectInputEvents = YES;
				INFOPLIST_KEY_UILaunchStoryboardName = LaunchScreen;
				INFOPLIST_KEY_UISupportedInterfaceOrientations_iPad = "UIInterfaceOrientationPortrait UIInterfaceOrientationPortraitUpsideDown UIInterfaceOrientationLandscapeLeft UIInterfaceOrientationLandscapeRight";
				INFOPLIST_KEY_UISupportedInterfaceOrientations_iPhone = "UIInterfaceOrientationPortrait UIInterfaceOrientationLandscapeLeft UIInterfaceOrientationLandscapeRight";
				LD_RUNPATH_SEARCH_PATHS = (
					"$(inherited)",
					"@executable_path/Frameworks",
				);
				MARKETING_VERSION = 1.0;
				PRODUCT_BUNDLE_IDENTIFIER = com.yoon.BookSearcherApp;
				PRODUCT_NAME = "$(TARGET_NAME)";
				SWIFT_EMIT_LOC_STRINGS = YES;
				SWIFT_VERSION = 5.0;
				TARGETED_DEVICE_FAMILY = "1,2";
			};
			name = Debug;
		};
		FE18C8012E3738D300798B6E /* Release */ = {
			isa = XCBuildConfiguration;
			buildSettings = {
				ASSETCATALOG_COMPILER_APPICON_NAME = AppIcon;
				ASSETCATALOG_COMPILER_GLOBAL_ACCENT_COLOR_NAME = AccentColor;
				CODE_SIGN_STYLE = Automatic;
				CURRENT_PROJECT_VERSION = 1;
				GENERATE_INFOPLIST_FILE = YES;
				INFOPLIST_FILE = BookSearcherApp/Resources/Info.plist;
				INFOPLIST_KEY_UIApplicationSupportsIndirectInputEvents = YES;
				INFOPLIST_KEY_UILaunchStoryboardName = LaunchScreen;
				INFOPLIST_KEY_UISupportedInterfaceOrientations_iPad = "UIInterfaceOrientationPortrait UIInterfaceOrientationPortraitUpsideDown UIInterfaceOrientationLandscapeLeft UIInterfaceOrientationLandscapeRight";
				INFOPLIST_KEY_UISupportedInterfaceOrientations_iPhone = "UIInterfaceOrientationPortrait UIInterfaceOrientationLandscapeLeft UIInterfaceOrientationLandscapeRight";
				LD_RUNPATH_SEARCH_PATHS = (
					"$(inherited)",
					"@executable_path/Frameworks",
				);
				MARKETING_VERSION = 1.0;
				PRODUCT_BUNDLE_IDENTIFIER = com.yoon.BookSearcherApp;
				PRODUCT_NAME = "$(TARGET_NAME)";
				SWIFT_EMIT_LOC_STRINGS = YES;
				SWIFT_VERSION = 5.0;
				TARGETED_DEVICE_FAMILY = "1,2";
			};
			name = Release;
		};
		FE18C8022E3738D300798B6E /* Debug */ = {
			isa = XCBuildConfiguration;
			buildSettings = {
				ALWAYS_SEARCH_USER_PATHS = NO;
				ASSETCATALOG_COMPILER_GENERATE_SWIFT_ASSET_SYMBOL_EXTENSIONS = YES;
				CLANG_ANALYZER_NONNULL = YES;
				CLANG_ANALYZER_NUMBER_OBJECT_CONVERSION = YES_AGGRESSIVE;
				CLANG_CXX_LANGUAGE_STANDARD = "gnu++20";
				CLANG_ENABLE_MODULES = YES;
				CLANG_ENABLE_OBJC_ARC = YES;
				CLANG_ENABLE_OBJC_WEAK = YES;
				CLANG_WARN_BLOCK_CAPTURE_AUTORELEASING = YES;
				CLANG_WARN_BOOL_CONVERSION = YES;
				CLANG_WARN_COMMA = YES;
				CLANG_WARN_CONSTANT_CONVERSION = YES;
				CLANG_WARN_DEPRECATED_OBJC_IMPLEMENTATIONS = YES;
				CLANG_WARN_DIRECT_OBJC_ISA_USAGE = YES_ERROR;
				CLANG_WARN_DOCUMENTATION_COMMENTS = YES;
				CLANG_WARN_EMPTY_BODY = YES;
				CLANG_WARN_ENUM_CONVERSION = YES;
				CLANG_WARN_INFINITE_RECURSION = YES;
				CLANG_WARN_INT_CONVERSION = YES;
				CLANG_WARN_NON_LITERAL_NULL_CONVERSION = YES;
				CLANG_WARN_OBJC_IMPLICIT_RETAIN_SELF = YES;
				CLANG_WARN_OBJC_LITERAL_CONVERSION = YES;
				CLANG_WARN_OBJC_ROOT_CLASS = YES_ERROR;
				CLANG_WARN_QUOTED_INCLUDE_IN_FRAMEWORK_HEADER = YES;
				CLANG_WARN_RANGE_LOOP_ANALYSIS = YES;
				CLANG_WARN_STRICT_PROTOTYPES = YES;
				CLANG_WARN_SUSPICIOUS_MOVE = YES;
				CLANG_WARN_UNGUARDED_AVAILABILITY = YES_AGGRESSIVE;
				CLANG_WARN_UNREACHABLE_CODE = YES;
				CLANG_WARN__DUPLICATE_METHOD_MATCH = YES;
				COPY_PHASE_STRIP = NO;
				DEBUG_INFORMATION_FORMAT = dwarf;
				ENABLE_STRICT_OBJC_MSGSEND = YES;
				ENABLE_TESTABILITY = YES;
				ENABLE_USER_SCRIPT_SANDBOXING = YES;
				GCC_C_LANGUAGE_STANDARD = gnu17;
				GCC_DYNAMIC_NO_PIC = NO;
				GCC_NO_COMMON_BLOCKS = YES;
				GCC_OPTIMIZATION_LEVEL = 0;
				GCC_PREPROCESSOR_DEFINITIONS = (
					"DEBUG=1",
					"$(inherited)",
				);
				GCC_WARN_64_TO_32_BIT_CONVERSION = YES;
				GCC_WARN_ABOUT_RETURN_TYPE = YES_ERROR;
				GCC_WARN_UNDECLARED_SELECTOR = YES;
				GCC_WARN_UNINITIALIZED_AUTOS = YES_AGGRESSIVE;
				GCC_WARN_UNUSED_FUNCTION = YES;
				GCC_WARN_UNUSED_VARIABLE = YES;
				IPHONEOS_DEPLOYMENT_TARGET = 16.6;
				LOCALIZATION_PREFERS_STRING_CATALOGS = YES;
				MTL_ENABLE_DEBUG_INFO = INCLUDE_SOURCE;
				MTL_FAST_MATH = YES;
				ONLY_ACTIVE_ARCH = YES;
				SDKROOT = iphoneos;
				SWIFT_ACTIVE_COMPILATION_CONDITIONS = "DEBUG $(inherited)";
				SWIFT_OPTIMIZATION_LEVEL = "-Onone";
			};
			name = Debug;
		};
		FE18C8032E3738D300798B6E /* Release */ = {
			isa = XCBuildConfiguration;
			buildSettings = {
				ALWAYS_SEARCH_USER_PATHS = NO;
				ASSETCATALOG_COMPILER_GENERATE_SWIFT_ASSET_SYMBOL_EXTENSIONS = YES;
				CLANG_ANALYZER_NONNULL = YES;
				CLANG_ANALYZER_NUMBER_OBJECT_CONVERSION = YES_AGGRESSIVE;
				CLANG_CXX_LANGUAGE_STANDARD = "gnu++20";
				CLANG_ENABLE_MODULES = YES;
				CLANG_ENABLE_OBJC_ARC = YES;
				CLANG_ENABLE_OBJC_WEAK = YES;
				CLANG_WARN_BLOCK_CAPTURE_AUTORELEASING = YES;
				CLANG_WARN_BOOL_CONVERSION = YES;
				CLANG_WARN_COMMA = YES;
				CLANG_WARN_CONSTANT_CONVERSION = YES;
				CLANG_WARN_DEPRECATED_OBJC_IMPLEMENTATIONS = YES;
				CLANG_WARN_DIRECT_OBJC_ISA_USAGE = YES_ERROR;
				CLANG_WARN_DOCUMENTATION_COMMENTS = YES;
				CLANG_WARN_EMPTY_BODY = YES;
				CLANG_WARN_ENUM_CONVERSION = YES;
				CLANG_WARN_INFINITE_RECURSION = YES;
				CLANG_WARN_INT_CONVERSION = YES;
				CLANG_WARN_NON_LITERAL_NULL_CONVERSION = YES;
				CLANG_WARN_OBJC_IMPLICIT_RETAIN_SELF = YES;
				CLANG_WARN_OBJC_LITERAL_CONVERSION = YES;
				CLANG_WARN_OBJC_ROOT_CLASS = YES_ERROR;
				CLANG_WARN_QUOTED_INCLUDE_IN_FRAMEWORK_HEADER = YES;
				CLANG_WARN_RANGE_LOOP_ANALYSIS = YES;
				CLANG_WARN_STRICT_PROTOTYPES = YES;
				CLANG_WARN_SUSPICIOUS_MOVE = YES;
				CLANG_WARN_UNGUARDED_AVAILABILITY = YES_AGGRESSIVE;
				CLANG_WARN_UNREACHABLE_CODE = YES;
				CLANG_WARN__DUPLICATE_METHOD_MATCH = YES;
				COPY_PHASE_STRIP = NO;
				DEBUG_INFORMATION_FORMAT = "dwarf-with-dsym";
				ENABLE_NS_ASSERTIONS = NO;
				ENABLE_STRICT_OBJC_MSGSEND = YES;
				ENABLE_USER_SCRIPT_SANDBOXING = YES;
				GCC_C_LANGUAGE_STANDARD = gnu17;
				GCC_NO_COMMON_BLOCKS = YES;
				GCC_WARN_64_TO_32_BIT_CONVERSION = YES;
				GCC_WARN_ABOUT_RETURN_TYPE = YES_ERROR;
				GCC_WARN_UNDECLARED_SELECTOR = YES;
				GCC_WARN_UNINITIALIZED_AUTOS = YES_AGGRESSIVE;
				GCC_WARN_UNUSED_FUNCTION = YES;
				GCC_WARN_UNUSED_VARIABLE = YES;
				IPHONEOS_DEPLOYMENT_TARGET = 16.6;
				LOCALIZATION_PREFERS_STRING_CATALOGS = YES;
				MTL_ENABLE_DEBUG_INFO = NO;
				MTL_FAST_MATH = YES;
				SDKROOT = iphoneos;
				SWIFT_COMPILATION_MODE = wholemodule;
				VALIDATE_PRODUCT = YES;
			};
			name = Release;
		};
/* End XCBuildConfiguration section */

/* Begin XCConfigurationList section */
		FE18C7E42E3738D200798B6E /* Build configuration list for PBXProject "BookSearcherApp" */ = {
			isa = XCConfigurationList;
			buildConfigurations = (
				FE18C8022E3738D300798B6E /* Debug */,
				FE18C8032E3738D300798B6E /* Release */,
			);
			defaultConfigurationIsVisible = 0;
			defaultConfigurationName = Release;
		};
		FE18C7FF2E3738D300798B6E /* Build configuration list for PBXNativeTarget "BookSearcherApp" */ = {
			isa = XCConfigurationList;
			buildConfigurations = (
				FE18C8002E3738D300798B6E /* Debug */,
				FE18C8012E3738D300798B6E /* Release */,
			);
			defaultConfigurationIsVisible = 0;
			defaultConfigurationName = Release;
		};
/* End XCConfigurationList section */

/* Begin XCRemoteSwiftPackageReference section */
		FE18C8EA2E37551100798B6E /* XCRemoteSwiftPackageReference "SnapKit" */ = {
			isa = XCRemoteSwiftPackageReference;
			repositoryURL = "https://github.com/SnapKit/SnapKit.git";
			requirement = {
				kind = upToNextMajorVersion;
				minimumVersion = 5.7.1;
			};
		};
		FE18C8ED2E37552B00798B6E /* XCRemoteSwiftPackageReference "RxSwift" */ = {
			isa = XCRemoteSwiftPackageReference;
			repositoryURL = "https://github.com/ReactiveX/RxSwift";
			requirement = {
				kind = upToNextMajorVersion;
				minimumVersion = 6.9.0;
			};
		};
		FE18C8F22E37554300798B6E /* XCRemoteSwiftPackageReference "Then" */ = {
			isa = XCRemoteSwiftPackageReference;
			repositoryURL = "https://github.com/devxoul/Then";
			requirement = {
				kind = upToNextMajorVersion;
				minimumVersion = 3.0.0;
			};
		};
		FE18C8F52E37556F00798B6E /* XCRemoteSwiftPackageReference "Kingfisher" */ = {
			isa = XCRemoteSwiftPackageReference;
			repositoryURL = "https://github.com/onevcat/Kingfisher";
			requirement = {
				kind = upToNextMajorVersion;
				minimumVersion = 8.5.0;
			};
		};
		FE18C8F82E37557C00798B6E /* XCRemoteSwiftPackageReference "Alamofire" */ = {
			isa = XCRemoteSwiftPackageReference;
			repositoryURL = "https://github.com/Alamofire/Alamofire";
			requirement = {
				kind = upToNextMajorVersion;
				minimumVersion = 5.10.2;
			};
		};
		FE18C8FB2E3755AA00798B6E /* XCRemoteSwiftPackageReference "ReactorKit" */ = {
			isa = XCRemoteSwiftPackageReference;
			repositoryURL = "https://github.com/ReactorKit/ReactorKit";
			requirement = {
				kind = upToNextMajorVersion;
				minimumVersion = 3.2.0;
			};
		};
/* End XCRemoteSwiftPackageReference section */

/* Begin XCSwiftPackageProductDependency section */
		FE18C8EB2E37551100798B6E /* SnapKit */ = {
			isa = XCSwiftPackageProductDependency;
			package = FE18C8EA2E37551100798B6E /* XCRemoteSwiftPackageReference "SnapKit" */;
			productName = SnapKit;
		};
		FE18C8EE2E37552B00798B6E /* RxCocoa */ = {
			isa = XCSwiftPackageProductDependency;
			package = FE18C8ED2E37552B00798B6E /* XCRemoteSwiftPackageReference "RxSwift" */;
			productName = RxCocoa;
		};
		FE18C8F02E37552B00798B6E /* RxSwift */ = {
			isa = XCSwiftPackageProductDependency;
			package = FE18C8ED2E37552B00798B6E /* XCRemoteSwiftPackageReference "RxSwift" */;
			productName = RxSwift;
		};
		FE18C8F32E37554300798B6E /* Then */ = {
			isa = XCSwiftPackageProductDependency;
			package = FE18C8F22E37554300798B6E /* XCRemoteSwiftPackageReference "Then" */;
			productName = Then;
		};
		FE18C8F62E37556F00798B6E /* Kingfisher */ = {
			isa = XCSwiftPackageProductDependency;
			package = FE18C8F52E37556F00798B6E /* XCRemoteSwiftPackageReference "Kingfisher" */;
			productName = Kingfisher;
		};
		FE18C8F92E37557C00798B6E /* Alamofire */ = {
			isa = XCSwiftPackageProductDependency;
			package = FE18C8F82E37557C00798B6E /* XCRemoteSwiftPackageReference "Alamofire" */;
			productName = Alamofire;
		};
		FE18C8FC2E3755AA00798B6E /* ReactorKit */ = {
			isa = XCSwiftPackageProductDependency;
			package = FE18C8FB2E3755AA00798B6E /* XCRemoteSwiftPackageReference "ReactorKit" */;
			productName = ReactorKit;
		};
/* End XCSwiftPackageProductDependency section */
	};
	rootObject = FE18C7E12E3738D200798B6E /* Project object */;
}
